
Microsoft Visual Studio Solution File, Format Version 12.00
# Visual Studio Version 17
VisualStudioVersion = 17.5.002.0
MinimumVisualStudioVersion = 10.0.40219.1
Project("{9A19103F-16F7-4668-BE54-9A1E7A4F7556}") = "live-coding", "live-coding.csproj", "{594C821C-964E-4FC6-8E1E-8D81D3F1456E}"
EndProject
Global
	GlobalSection(SolutionConfigurationPlatforms) = preSolution
		Debug|Any CPU = Debug|Any CPU
		Release|Any CPU = Release|Any CPU
	EndGlobalSection
	GlobalSection(ProjectConfigurationPlatforms) = postSolution
		{594C821C-964E-4FC6-8E1E-8D81D3F1456E}.Debug|Any CPU.ActiveCfg = Debug|Any CPU
		{594C821C-964E-4FC6-8E1E-8D81D3F1456E}.Debug|Any CPU.Build.0 = Debug|Any CPU
		{594C821C-964E-4FC6-8E1E-8D81D3F1456E}.Release|Any CPU.ActiveCfg = Release|Any CPU
		{594C821C-964E-4FC6-8E1E-8D81D3F1456E}.Release|Any CPU.Build.0 = Release|Any CPU
	EndGlobalSection
	GlobalSection(SolutionProperties) = preSolution
		HideSolutionNode = FALSE
	EndGlobalSection
	GlobalSection(ExtensibilityGlobals) = postSolution
		SolutionGuid = {DFDE3E1E-E2B7-453E-86DE-194FE0CF61BE}
	EndGlobalSection
EndGlobal
